
Microsoft Visual Studio Solution File, Format Version 12.00
# Visual Studio Version 17
VisualStudioVersion = 17.14.36414.22 d17.14
MinimumVisualStudioVersion = 10.0.40219.1
Project("{FAE04EC0-301F-11D3-BF4B-00C04F79EFBC}") = "IntegradorP", "IntegradorP\IntegradorP.csproj", "{C6D3AF8B-D305-406D-AFDA-4F6F21B5DB1E}"
EndProject
Global
	GlobalSection(SolutionConfigurationPlatforms) = preSolution
		Debug|Any CPU = Debug|Any CPU
		Release|Any CPU = Release|Any CPU
	EndGlobalSection
	GlobalSection(ProjectConfigurationPlatforms) = postSolution
		{C6D3AF8B-D305-406D-AFDA-4F6F21B5DB1E}.Debug|Any CPU.ActiveCfg = Debug|Any CPU
		{C6D3AF8B-D305-406D-AFDA-4F6F21B5DB1E}.Debug|Any CPU.Build.0 = Debug|Any CPU
		{C6D3AF8B-D305-406D-AFDA-4F6F21B5DB1E}.Release|Any CPU.ActiveCfg = Release|Any CPU
		{C6D3AF8B-D305-406D-AFDA-4F6F21B5DB1E}.Release|Any CPU.Build.0 = Release|Any CPU
	EndGlobalSection
	GlobalSection(SolutionProperties) = preSolution
		HideSolutionNode = FALSE
	EndGlobalSection
	GlobalSection(ExtensibilityGlobals) = postSolution
		SolutionGuid = {8C42D8E1-92A8-4209-B34E-E8BEDEFF06B8}
	EndGlobalSection
EndGlobal
